
Microsoft Visual Studio Solution File, Format Version 12.00
# Visual Studio Version 16
VisualStudioVersion = 16.0.30225.117
MinimumVisualStudioVersion = 10.0.40219.1
Project("{FAE04EC0-301F-11D3-BF4B-00C04F79EFBC}") = "BangazonAPI", "BangazonAPI\BangazonAPI.csproj", "{0CB907A4-C2BE-4EF2-9A64-3D77DFDCA61D}"
EndProject
Project("{FAE04EC0-301F-11D3-BF4B-00C04F79EFBC}") = "TestBangazonAPI", "TestBangazonAPI\TestBangazonAPI.csproj", "{CC2543BB-74D8-4042-A287-A9CC3E9BFD5B}"
EndProject
Global
	GlobalSection(SolutionConfigurationPlatforms) = preSolution
		Debug|Any CPU = Debug|Any CPU
		Release|Any CPU = Release|Any CPU
	EndGlobalSection
	GlobalSection(ProjectConfigurationPlatforms) = postSolution
		{0CB907A4-C2BE-4EF2-9A64-3D77DFDCA61D}.Debug|Any CPU.ActiveCfg = Debug|Any CPU
		{0CB907A4-C2BE-4EF2-9A64-3D77DFDCA61D}.Debug|Any CPU.Build.0 = Debug|Any CPU
		{0CB907A4-C2BE-4EF2-9A64-3D77DFDCA61D}.Release|Any CPU.ActiveCfg = Release|Any CPU
		{0CB907A4-C2BE-4EF2-9A64-3D77DFDCA61D}.Release|Any CPU.Build.0 = Release|Any CPU
		{CC2543BB-74D8-4042-A287-A9CC3E9BFD5B}.Debug|Any CPU.ActiveCfg = Debug|Any CPU
		{CC2543BB-74D8-4042-A287-A9CC3E9BFD5B}.Debug|Any CPU.Build.0 = Debug|Any CPU
		{CC2543BB-74D8-4042-A287-A9CC3E9BFD5B}.Release|Any CPU.ActiveCfg = Debug|Any CPU
		{CC2543BB-74D8-4042-A287-A9CC3E9BFD5B}.Release|Any CPU.Build.0 = Debug|Any CPU
	EndGlobalSection
	GlobalSection(SolutionProperties) = preSolution
		HideSolutionNode = FALSE
	EndGlobalSection
	GlobalSection(ExtensibilityGlobals) = postSolution
		SolutionGuid = {0B4EABF0-66CD-4960-B5FB-2440DCC2FA5E}
	EndGlobalSection
EndGlobal
